
Microsoft Visual Studio Solution File, Format Version 12.00
# Visual Studio Version 16
VisualStudioVersion = 16.0.31624.102
MinimumVisualStudioVersion = 10.0.40219.1
Project("{FAE04EC0-301F-11D3-BF4B-00C04F79EFBC}") = "Firma", "Firma.csproj", "{CC4B8099-F7A7-43DC-8D83-054905DC24FB}"
EndProject
Global
	GlobalSection(SolutionConfigurationPlatforms) = preSolution
		Debug|Any CPU = Debug|Any CPU
		Release|Any CPU = Release|Any CPU
	EndGlobalSection
	GlobalSection(ProjectConfigurationPlatforms) = postSolution
		{CC4B8099-F7A7-43DC-8D83-054905DC24FB}.Debug|Any CPU.ActiveCfg = Debug|Any CPU
		{CC4B8099-F7A7-43DC-8D83-054905DC24FB}.Debug|Any CPU.Build.0 = Debug|Any CPU
		{CC4B8099-F7A7-43DC-8D83-054905DC24FB}.Release|Any CPU.ActiveCfg = Release|Any CPU
		{CC4B8099-F7A7-43DC-8D83-054905DC24FB}.Release|Any CPU.Build.0 = Release|Any CPU
	EndGlobalSection
	GlobalSection(SolutionProperties) = preSolution
		HideSolutionNode = FALSE
	EndGlobalSection
	GlobalSection(ExtensibilityGlobals) = postSolution
		SolutionGuid = {B2202DC9-5A90-4796-9A8F-C354E7F985C8}
	EndGlobalSection
EndGlobal
