
Microsoft Visual Studio Solution File, Format Version 12.00
# Visual Studio Version 17
VisualStudioVersion = 17.1.32319.34
MinimumVisualStudioVersion = 10.0.40219.1
Project("{FAE04EC0-301F-11D3-BF4B-00C04F79EFBC}") = "HelloWorld.Android", "HelloWorld.Android\HelloWorld.Android.csproj", "{6ED8BBDC-DD05-4D00-AB57-F27544BB2BD6}"
EndProject
Project("{FAE04EC0-301F-11D3-BF4B-00C04F79EFBC}") = "HelloWorld", "HelloWorld\HelloWorld.csproj", "{EAF860E7-F2C8-4B48-95D6-F87AFF6B532C}"
EndProject
Global
	GlobalSection(SolutionConfigurationPlatforms) = preSolution
		Debug|Any CPU = Debug|Any CPU
		Release|Any CPU = Release|Any CPU
	EndGlobalSection
	GlobalSection(ProjectConfigurationPlatforms) = postSolution
		{6ED8BBDC-DD05-4D00-AB57-F27544BB2BD6}.Debug|Any CPU.ActiveCfg = Debug|Any CPU
		{6ED8BBDC-DD05-4D00-AB57-F27544BB2BD6}.Debug|Any CPU.Build.0 = Debug|Any CPU
		{6ED8BBDC-DD05-4D00-AB57-F27544BB2BD6}.Debug|Any CPU.Deploy.0 = Debug|Any CPU
		{6ED8BBDC-DD05-4D00-AB57-F27544BB2BD6}.Release|Any CPU.ActiveCfg = Release|Any CPU
		{6ED8BBDC-DD05-4D00-AB57-F27544BB2BD6}.Release|Any CPU.Build.0 = Release|Any CPU
		{6ED8BBDC-DD05-4D00-AB57-F27544BB2BD6}.Release|Any CPU.Deploy.0 = Release|Any CPU
		{EAF860E7-F2C8-4B48-95D6-F87AFF6B532C}.Debug|Any CPU.ActiveCfg = Debug|Any CPU
		{EAF860E7-F2C8-4B48-95D6-F87AFF6B532C}.Debug|Any CPU.Build.0 = Debug|Any CPU
		{EAF860E7-F2C8-4B48-95D6-F87AFF6B532C}.Debug|Any CPU.Deploy.0 = Debug|Any CPU
		{EAF860E7-F2C8-4B48-95D6-F87AFF6B532C}.Release|Any CPU.ActiveCfg = Release|Any CPU
		{EAF860E7-F2C8-4B48-95D6-F87AFF6B532C}.Release|Any CPU.Build.0 = Release|Any CPU
		{EAF860E7-F2C8-4B48-95D6-F87AFF6B532C}.Release|Any CPU.Deploy.0 = Release|Any CPU
	EndGlobalSection
	GlobalSection(SolutionProperties) = preSolution
		HideSolutionNode = FALSE
	EndGlobalSection
	GlobalSection(ExtensibilityGlobals) = postSolution
		SolutionGuid = {A8A261B1-EB02-45D7-81B2-CC5C9FC5E3BE}
	EndGlobalSection
EndGlobal
