
Microsoft Visual Studio Solution File, Format Version 12.00
# Visual Studio Version 17
VisualStudioVersion = 17.3.32929.385
MinimumVisualStudioVersion = 10.0.40219.1
Project("{FAE04EC0-301F-11D3-BF4B-00C04F79EFBC}") = "WindowsFormsApp1", "WindowsFormsApp1.csproj", "{BF99E7BF-EA35-41B1-9F9B-4BD67B8051E6}"
EndProject
Global
	GlobalSection(SolutionConfigurationPlatforms) = preSolution
		Debug|Any CPU = Debug|Any CPU
		Release|Any CPU = Release|Any CPU
	EndGlobalSection
	GlobalSection(ProjectConfigurationPlatforms) = postSolution
		{BF99E7BF-EA35-41B1-9F9B-4BD67B8051E6}.Debug|Any CPU.ActiveCfg = Debug|Any CPU
		{BF99E7BF-EA35-41B1-9F9B-4BD67B8051E6}.Debug|Any CPU.Build.0 = Debug|Any CPU
		{BF99E7BF-EA35-41B1-9F9B-4BD67B8051E6}.Release|Any CPU.ActiveCfg = Release|Any CPU
		{BF99E7BF-EA35-41B1-9F9B-4BD67B8051E6}.Release|Any CPU.Build.0 = Release|Any CPU
	EndGlobalSection
	GlobalSection(SolutionProperties) = preSolution
		HideSolutionNode = FALSE
	EndGlobalSection
	GlobalSection(ExtensibilityGlobals) = postSolution
		SolutionGuid = {DC7E7A14-391C-40C4-A182-43462CC5F292}
	EndGlobalSection
EndGlobal
