
Microsoft Visual Studio Solution File, Format Version 12.00
# Visual Studio Version 17
VisualStudioVersion = 17.1.32421.90
MinimumVisualStudioVersion = 10.0.40219.1
Project("{FAE04EC0-301F-11D3-BF4B-00C04F79EFBC}") = "Notes.UWP", "Notes.UWP\Notes.UWP.csproj", "{FE1E34E2-83BB-40EF-9F96-C7D87CCEF154}"
EndProject
Project("{FAE04EC0-301F-11D3-BF4B-00C04F79EFBC}") = "Notes.Android", "Notes.Android\Notes.Android.csproj", "{EAE9B458-6157-48DF-8836-BB82E9D91039}"
EndProject
Project("{FAE04EC0-301F-11D3-BF4B-00C04F79EFBC}") = "Notes", "Notes\Notes.csproj", "{3C6F46EF-A2C7-4278-B32B-2EC5976F56CC}"
EndProject
Global
	GlobalSection(SolutionConfigurationPlatforms) = preSolution
		Debug|Any CPU = Debug|Any CPU
		Debug|ARM = Debug|ARM
		Debug|x64 = Debug|x64
		Debug|x86 = Debug|x86
		Release|Any CPU = Release|Any CPU
		Release|ARM = Release|ARM
		Release|x64 = Release|x64
		Release|x86 = Release|x86
	EndGlobalSection
	GlobalSection(ProjectConfigurationPlatforms) = postSolution
		{FE1E34E2-83BB-40EF-9F96-C7D87CCEF154}.Debug|Any CPU.ActiveCfg = Debug|x64
		{FE1E34E2-83BB-40EF-9F96-C7D87CCEF154}.Debug|Any CPU.Build.0 = Debug|x64
		{FE1E34E2-83BB-40EF-9F96-C7D87CCEF154}.Debug|Any CPU.Deploy.0 = Debug|x64
		{FE1E34E2-83BB-40EF-9F96-C7D87CCEF154}.Debug|ARM.ActiveCfg = Debug|ARM
		{FE1E34E2-83BB-40EF-9F96-C7D87CCEF154}.Debug|ARM.Build.0 = Debug|ARM
		{FE1E34E2-83BB-40EF-9F96-C7D87CCEF154}.Debug|ARM.Deploy.0 = Debug|ARM
		{FE1E34E2-83BB-40EF-9F96-C7D87CCEF154}.Debug|x64.ActiveCfg = Debug|x64
		{FE1E34E2-83BB-40EF-9F96-C7D87CCEF154}.Debug|x64.Build.0 = Debug|x64
		{FE1E34E2-83BB-40EF-9F96-C7D87CCEF154}.Debug|x64.Deploy.0 = Debug|x64
		{FE1E34E2-83BB-40EF-9F96-C7D87CCEF154}.Debug|x86.ActiveCfg = Debug|x86
		{FE1E34E2-83BB-40EF-9F96-C7D87CCEF154}.Debug|x86.Build.0 = Debug|x86
		{FE1E34E2-83BB-40EF-9F96-C7D87CCEF154}.Debug|x86.Deploy.0 = Debug|x86
		{FE1E34E2-83BB-40EF-9F96-C7D87CCEF154}.Release|Any CPU.ActiveCfg = Release|x64
		{FE1E34E2-83BB-40EF-9F96-C7D87CCEF154}.Release|Any CPU.Build.0 = Release|x64
		{FE1E34E2-83BB-40EF-9F96-C7D87CCEF154}.Release|Any CPU.Deploy.0 = Release|x64
		{FE1E34E2-83BB-40EF-9F96-C7D87CCEF154}.Release|ARM.ActiveCfg = Release|ARM
		{FE1E34E2-83BB-40EF-9F96-C7D87CCEF154}.Release|ARM.Build.0 = Release|ARM
		{FE1E34E2-83BB-40EF-9F96-C7D87CCEF154}.Release|ARM.Deploy.0 = Release|ARM
		{FE1E34E2-83BB-40EF-9F96-C7D87CCEF154}.Release|x64.ActiveCfg = Release|x64
		{FE1E34E2-83BB-40EF-9F96-C7D87CCEF154}.Release|x64.Build.0 = Release|x64
		{FE1E34E2-83BB-40EF-9F96-C7D87CCEF154}.Release|x64.Deploy.0 = Release|x64
		{FE1E34E2-83BB-40EF-9F96-C7D87CCEF154}.Release|x86.ActiveCfg = Release|x86
		{FE1E34E2-83BB-40EF-9F96-C7D87CCEF154}.Release|x86.Build.0 = Release|x86
		{FE1E34E2-83BB-40EF-9F96-C7D87CCEF154}.Release|x86.Deploy.0 = Release|x86
		{EAE9B458-6157-48DF-8836-BB82E9D91039}.Debug|Any CPU.ActiveCfg = Debug|Any CPU
		{EAE9B458-6157-48DF-8836-BB82E9D91039}.Debug|Any CPU.Build.0 = Debug|Any CPU
		{EAE9B458-6157-48DF-8836-BB82E9D91039}.Debug|Any CPU.Deploy.0 = Debug|Any CPU
		{EAE9B458-6157-48DF-8836-BB82E9D91039}.Debug|ARM.ActiveCfg = Debug|Any CPU
		{EAE9B458-6157-48DF-8836-BB82E9D91039}.Debug|ARM.Build.0 = Debug|Any CPU
		{EAE9B458-6157-48DF-8836-BB82E9D91039}.Debug|ARM.Deploy.0 = Debug|Any CPU
		{EAE9B458-6157-48DF-8836-BB82E9D91039}.Debug|x64.ActiveCfg = Debug|Any CPU
		{EAE9B458-6157-48DF-8836-BB82E9D91039}.Debug|x64.Build.0 = Debug|Any CPU
		{EAE9B458-6157-48DF-8836-BB82E9D91039}.Debug|x64.Deploy.0 = Debug|Any CPU
		{EAE9B458-6157-48DF-8836-BB82E9D91039}.Debug|x86.ActiveCfg = Debug|Any CPU
		{EAE9B458-6157-48DF-8836-BB82E9D91039}.Debug|x86.Build.0 = Debug|Any CPU
		{EAE9B458-6157-48DF-8836-BB82E9D91039}.Debug|x86.Deploy.0 = Debug|Any CPU
		{EAE9B458-6157-48DF-8836-BB82E9D91039}.Release|Any CPU.ActiveCfg = Release|Any CPU
		{EAE9B458-6157-48DF-8836-BB82E9D91039}.Release|Any CPU.Build.0 = Release|Any CPU
		{EAE9B458-6157-48DF-8836-BB82E9D91039}.Release|Any CPU.Deploy.0 = Release|Any CPU
		{EAE9B458-6157-48DF-8836-BB82E9D91039}.Release|ARM.ActiveCfg = Release|Any CPU
		{EAE9B458-6157-48DF-8836-BB82E9D91039}.Release|ARM.Build.0 = Release|Any CPU
		{EAE9B458-6157-48DF-8836-BB82E9D91039}.Release|ARM.Deploy.0 = Release|Any CPU
		{EAE9B458-6157-48DF-8836-BB82E9D91039}.Release|x64.ActiveCfg = Release|Any CPU
		{EAE9B458-6157-48DF-8836-BB82E9D91039}.Release|x64.Build.0 = Release|Any CPU
		{EAE9B458-6157-48DF-8836-BB82E9D91039}.Release|x64.Deploy.0 = Release|Any CPU
		{EAE9B458-6157-48DF-8836-BB82E9D91039}.Release|x86.ActiveCfg = Release|Any CPU
		{EAE9B458-6157-48DF-8836-BB82E9D91039}.Release|x86.Build.0 = Release|Any CPU
		{EAE9B458-6157-48DF-8836-BB82E9D91039}.Release|x86.Deploy.0 = Release|Any CPU
		{3C6F46EF-A2C7-4278-B32B-2EC5976F56CC}.Debug|Any CPU.ActiveCfg = Debug|Any CPU
		{3C6F46EF-A2C7-4278-B32B-2EC5976F56CC}.Debug|Any CPU.Build.0 = Debug|Any CPU
		{3C6F46EF-A2C7-4278-B32B-2EC5976F56CC}.Debug|Any CPU.Deploy.0 = Debug|Any CPU
		{3C6F46EF-A2C7-4278-B32B-2EC5976F56CC}.Debug|ARM.ActiveCfg = Debug|Any CPU
		{3C6F46EF-A2C7-4278-B32B-2EC5976F56CC}.Debug|ARM.Build.0 = Debug|Any CPU
		{3C6F46EF-A2C7-4278-B32B-2EC5976F56CC}.Debug|ARM.Deploy.0 = Debug|Any CPU
		{3C6F46EF-A2C7-4278-B32B-2EC5976F56CC}.Debug|x64.ActiveCfg = Debug|Any CPU
		{3C6F46EF-A2C7-4278-B32B-2EC5976F56CC}.Debug|x64.Build.0 = Debug|Any CPU
		{3C6F46EF-A2C7-4278-B32B-2EC5976F56CC}.Debug|x64.Deploy.0 = Debug|Any CPU
		{3C6F46EF-A2C7-4278-B32B-2EC5976F56CC}.Debug|x86.ActiveCfg = Debug|Any CPU
		{3C6F46EF-A2C7-4278-B32B-2EC5976F56CC}.Debug|x86.Build.0 = Debug|Any CPU
		{3C6F46EF-A2C7-4278-B32B-2EC5976F56CC}.Debug|x86.Deploy.0 = Debug|Any CPU
		{3C6F46EF-A2C7-4278-B32B-2EC5976F56CC}.Release|Any CPU.ActiveCfg = Release|Any CPU
		{3C6F46EF-A2C7-4278-B32B-2EC5976F56CC}.Release|Any CPU.Build.0 = Release|Any CPU
		{3C6F46EF-A2C7-4278-B32B-2EC5976F56CC}.Release|Any CPU.Deploy.0 = Release|Any CPU
		{3C6F46EF-A2C7-4278-B32B-2EC5976F56CC}.Release|ARM.ActiveCfg = Release|Any CPU
		{3C6F46EF-A2C7-4278-B32B-2EC5976F56CC}.Release|ARM.Build.0 = Release|Any CPU
		{3C6F46EF-A2C7-4278-B32B-2EC5976F56CC}.Release|ARM.Deploy.0 = Release|Any CPU
		{3C6F46EF-A2C7-4278-B32B-2EC5976F56CC}.Release|x64.ActiveCfg = Release|Any CPU
		{3C6F46EF-A2C7-4278-B32B-2EC5976F56CC}.Release|x64.Build.0 = Release|Any CPU
		{3C6F46EF-A2C7-4278-B32B-2EC5976F56CC}.Release|x64.Deploy.0 = Release|Any CPU
		{3C6F46EF-A2C7-4278-B32B-2EC5976F56CC}.Release|x86.ActiveCfg = Release|Any CPU
		{3C6F46EF-A2C7-4278-B32B-2EC5976F56CC}.Release|x86.Build.0 = Release|Any CPU
		{3C6F46EF-A2C7-4278-B32B-2EC5976F56CC}.Release|x86.Deploy.0 = Release|Any CPU
	EndGlobalSection
	GlobalSection(SolutionProperties) = preSolution
		HideSolutionNode = FALSE
	EndGlobalSection
	GlobalSection(ExtensibilityGlobals) = postSolution
		SolutionGuid = {781C042A-B00F-4C1E-AD9F-55D5B0D119B2}
	EndGlobalSection
EndGlobal
