
Microsoft Visual Studio Solution File, Format Version 12.00
# Visual Studio Version 16
VisualStudioVersion = 16.0.31205.134
MinimumVisualStudioVersion = 10.0.40219.1
Project("{FAE04EC0-301F-11D3-BF4B-00C04F79EFBC}") = "Baiding", "Baiding.csproj", "{A32D3CDB-AF44-4318-9A65-DCCB22E048F4}"
EndProject
Global
	GlobalSection(SolutionConfigurationPlatforms) = preSolution
		Debug|Any CPU = Debug|Any CPU
		Release|Any CPU = Release|Any CPU
	EndGlobalSection
	GlobalSection(ProjectConfigurationPlatforms) = postSolution
		{A32D3CDB-AF44-4318-9A65-DCCB22E048F4}.Debug|Any CPU.ActiveCfg = Debug|Any CPU
		{A32D3CDB-AF44-4318-9A65-DCCB22E048F4}.Debug|Any CPU.Build.0 = Debug|Any CPU
		{A32D3CDB-AF44-4318-9A65-DCCB22E048F4}.Release|Any CPU.ActiveCfg = Release|Any CPU
		{A32D3CDB-AF44-4318-9A65-DCCB22E048F4}.Release|Any CPU.Build.0 = Release|Any CPU
	EndGlobalSection
	GlobalSection(SolutionProperties) = preSolution
		HideSolutionNode = FALSE
	EndGlobalSection
	GlobalSection(ExtensibilityGlobals) = postSolution
		SolutionGuid = {5D0207EF-4666-44F1-A834-A41F30CFD435}
	EndGlobalSection
EndGlobal
